
Microsoft Visual Studio Solution File, Format Version 12.00
# Visual Studio 14
VisualStudioVersion = 14.0.23107.0
MinimumVisualStudioVersion = 10.0.40219.1
Project("{FAE04EC0-301F-11D3-BF4B-00C04F79EFBC}") = "Problem01Shapes", "Problem01Shapes\Problem01Shapes.csproj", "{3AEFC17D-EF73-457E-BF39-F20415E95D0D}"
EndProject
Project("{FAE04EC0-301F-11D3-BF4B-00C04F79EFBC}") = "BankOfKurtovoKonare", "BankOfKurtovoKonare\BankOfKurtovoKonare.csproj", "{A4C6D121-B446-4FDC-8724-380695346122}"
EndProject
Global
	GlobalSection(SolutionConfigurationPlatforms) = preSolution
		Debug|Any CPU = Debug|Any CPU
		Release|Any CPU = Release|Any CPU
	EndGlobalSection
	GlobalSection(ProjectConfigurationPlatforms) = postSolution
		{3AEFC17D-EF73-457E-BF39-F20415E95D0D}.Debug|Any CPU.ActiveCfg = Debug|Any CPU
		{3AEFC17D-EF73-457E-BF39-F20415E95D0D}.Debug|Any CPU.Build.0 = Debug|Any CPU
		{3AEFC17D-EF73-457E-BF39-F20415E95D0D}.Release|Any CPU.ActiveCfg = Release|Any CPU
		{3AEFC17D-EF73-457E-BF39-F20415E95D0D}.Release|Any CPU.Build.0 = Release|Any CPU
		{A4C6D121-B446-4FDC-8724-380695346122}.Debug|Any CPU.ActiveCfg = Debug|Any CPU
		{A4C6D121-B446-4FDC-8724-380695346122}.Debug|Any CPU.Build.0 = Debug|Any CPU
		{A4C6D121-B446-4FDC-8724-380695346122}.Release|Any CPU.ActiveCfg = Release|Any CPU
		{A4C6D121-B446-4FDC-8724-380695346122}.Release|Any CPU.Build.0 = Release|Any CPU
	EndGlobalSection
	GlobalSection(SolutionProperties) = preSolution
		HideSolutionNode = FALSE
	EndGlobalSection
EndGlobal
