
Microsoft Visual Studio Solution File, Format Version 12.00
# Visual Studio 14
VisualStudioVersion = 14.0.24720.0
MinimumVisualStudioVersion = 10.0.40219.1
Project("{FAE04EC0-301F-11D3-BF4B-00C04F79EFBC}") = "Problem01BiggerNumber", "Problem01BiggerNumber\Problem01BiggerNumber.csproj", "{79F88302-A82D-49AF-8679-7DDBE35ADA8F}"
EndProject
Project("{FAE04EC0-301F-11D3-BF4B-00C04F79EFBC}") = "Problem02LastDigitOfNumber", "Problem02LastDigitOfNumber\Problem02LastDigitOfNumber.csproj", "{175ECCEC-A459-40D7-AEAF-BA79799AEF65}"
EndProject
Project("{FAE04EC0-301F-11D3-BF4B-00C04F79EFBC}") = "Problem03LargerThanNeighbours", "Problem03LargerThanNeighbours\Problem03LargerThanNeighbours.csproj", "{E7690D2D-CA20-4282-AFC3-4F262FADC591}"
EndProject
Project("{FAE04EC0-301F-11D3-BF4B-00C04F79EFBC}") = "Problem04FirstLargerThanNeighbours", "Problem04FirstLargerThanNeighbours\Problem04FirstLargerThanNeighbours.csproj", "{754704CB-7707-4A74-A438-269CB9E6A7FA}"
EndProject
Project("{FAE04EC0-301F-11D3-BF4B-00C04F79EFBC}") = "Problem05ReverseNumber", "Problem05ReverseNumber\Problem05ReverseNumber.csproj", "{78216F72-386B-4781-A528-001AD436A1DE}"
EndProject
Project("{FAE04EC0-301F-11D3-BF4B-00C04F79EFBC}") = "Problem06NumberCalculations", "Problem06NumberCalculations\Problem06NumberCalculations.csproj", "{44DEF7F3-78A6-4315-8D7F-B9389F30D4F8}"
EndProject
Project("{FAE04EC0-301F-11D3-BF4B-00C04F79EFBC}") = "Problem07GenericArraySort", "Problem07GenericArraySort\Problem07GenericArraySort.csproj", "{8A899C97-A8CA-4427-9247-3A6496E0F029}"
EndProject
Global
	GlobalSection(SolutionConfigurationPlatforms) = preSolution
		Debug|Any CPU = Debug|Any CPU
		Release|Any CPU = Release|Any CPU
	EndGlobalSection
	GlobalSection(ProjectConfigurationPlatforms) = postSolution
		{79F88302-A82D-49AF-8679-7DDBE35ADA8F}.Debug|Any CPU.ActiveCfg = Debug|Any CPU
		{79F88302-A82D-49AF-8679-7DDBE35ADA8F}.Debug|Any CPU.Build.0 = Debug|Any CPU
		{79F88302-A82D-49AF-8679-7DDBE35ADA8F}.Release|Any CPU.ActiveCfg = Release|Any CPU
		{79F88302-A82D-49AF-8679-7DDBE35ADA8F}.Release|Any CPU.Build.0 = Release|Any CPU
		{175ECCEC-A459-40D7-AEAF-BA79799AEF65}.Debug|Any CPU.ActiveCfg = Debug|Any CPU
		{175ECCEC-A459-40D7-AEAF-BA79799AEF65}.Debug|Any CPU.Build.0 = Debug|Any CPU
		{175ECCEC-A459-40D7-AEAF-BA79799AEF65}.Release|Any CPU.ActiveCfg = Release|Any CPU
		{175ECCEC-A459-40D7-AEAF-BA79799AEF65}.Release|Any CPU.Build.0 = Release|Any CPU
		{E7690D2D-CA20-4282-AFC3-4F262FADC591}.Debug|Any CPU.ActiveCfg = Debug|Any CPU
		{E7690D2D-CA20-4282-AFC3-4F262FADC591}.Debug|Any CPU.Build.0 = Debug|Any CPU
		{E7690D2D-CA20-4282-AFC3-4F262FADC591}.Release|Any CPU.ActiveCfg = Release|Any CPU
		{E7690D2D-CA20-4282-AFC3-4F262FADC591}.Release|Any CPU.Build.0 = Release|Any CPU
		{754704CB-7707-4A74-A438-269CB9E6A7FA}.Debug|Any CPU.ActiveCfg = Debug|Any CPU
		{754704CB-7707-4A74-A438-269CB9E6A7FA}.Debug|Any CPU.Build.0 = Debug|Any CPU
		{754704CB-7707-4A74-A438-269CB9E6A7FA}.Release|Any CPU.ActiveCfg = Release|Any CPU
		{754704CB-7707-4A74-A438-269CB9E6A7FA}.Release|Any CPU.Build.0 = Release|Any CPU
		{78216F72-386B-4781-A528-001AD436A1DE}.Debug|Any CPU.ActiveCfg = Debug|Any CPU
		{78216F72-386B-4781-A528-001AD436A1DE}.Debug|Any CPU.Build.0 = Debug|Any CPU
		{78216F72-386B-4781-A528-001AD436A1DE}.Release|Any CPU.ActiveCfg = Release|Any CPU
		{78216F72-386B-4781-A528-001AD436A1DE}.Release|Any CPU.Build.0 = Release|Any CPU
		{44DEF7F3-78A6-4315-8D7F-B9389F30D4F8}.Debug|Any CPU.ActiveCfg = Debug|Any CPU
		{44DEF7F3-78A6-4315-8D7F-B9389F30D4F8}.Debug|Any CPU.Build.0 = Debug|Any CPU
		{44DEF7F3-78A6-4315-8D7F-B9389F30D4F8}.Release|Any CPU.ActiveCfg = Release|Any CPU
		{44DEF7F3-78A6-4315-8D7F-B9389F30D4F8}.Release|Any CPU.Build.0 = Release|Any CPU
		{8A899C97-A8CA-4427-9247-3A6496E0F029}.Debug|Any CPU.ActiveCfg = Debug|Any CPU
		{8A899C97-A8CA-4427-9247-3A6496E0F029}.Debug|Any CPU.Build.0 = Debug|Any CPU
		{8A899C97-A8CA-4427-9247-3A6496E0F029}.Release|Any CPU.ActiveCfg = Release|Any CPU
		{8A899C97-A8CA-4427-9247-3A6496E0F029}.Release|Any CPU.Build.0 = Release|Any CPU
	EndGlobalSection
	GlobalSection(SolutionProperties) = preSolution
		HideSolutionNode = FALSE
	EndGlobalSection
EndGlobal
